{
  "requires": true,
  "lockfileVersion": 1,
  "dependencies": {
    "copy-anything": {
      "version": "2.0.1",
      "resolved": "https://registry.npm.taobao.org/copy-anything/download/copy-anything-2.0.1.tgz",
      "integrity": "sha1-KvvObaaEvfy+yTdS+nYoGctIDZo=",
      "requires": {
        "is-what": "^3.7.1"
      }
    },
    "echarts": {
      "version": "5.0.0",
      "resolved": "https://registry.npm.taobao.org/echarts/download/echarts-5.0.0.tgz",
      "integrity": "sha1-ZuwOpH48k7Kq37stcZhpkyrRPOA=",
      "requires": {
        "tslib": "1.10.0",
        "zrender": "5.0.1"
      }
    },
    "errno": {
      "version": "0.1.8",
      "resolved": "https://registry.npm.taobao.org/errno/download/errno-0.1.8.tgz",
      "integrity": "sha1-i7Ppx9Rjvkl2/4iPdrSAnrwugR8=",
      "requires": {
        "prr": "~1.0.1"
      }
    },
    "graceful-fs": {
      "version": "4.2.4",
      "resolved": "https://registry.npm.taobao.org/graceful-fs/download/graceful-fs-4.2.4.tgz",
      "integrity": "sha1-Ila94U02MpWMRl68ltxGfKB6Kfs="
    },
    "image-size": {
      "version": "0.5.5",
      "resolved": "https://registry.npm.taobao.org/image-size/download/image-size-0.5.5.tgz?cache=0&sync_timestamp=1603728987431&other_urls=https%3A%2F%2Fregistry.npm.taobao.org%2Fimage-size%2Fdownload%2Fimage-size-0.5.5.tgz",
      "integrity": "sha1-Cd/Uq50g4p6xw+gLiZA3jfnjy5w="
    },
    "is-what": {
      "version": "3.12.0",
      "resolved": "https://registry.npm.taobao.org/is-what/download/is-what-3.12.0.tgz",
      "integrity": "sha1-9EBc5L1t1CDTztUaAm+5DgNwXlU="
    },
    "less": {
      "version": "4.0.0",
      "resolved": "https://registry.npm.taobao.org/less/download/less-4.0.0.tgz?cache=0&sync_timestamp=1608313007640&other_urls=https%3A%2F%2Fregistry.npm.taobao.org%2Fless%2Fdownload%2Fless-4.0.0.tgz",
      "integrity": "sha1-0jjMJVdsH3InlNvKSsguXjx+nmU=",
      "requires": {
        "copy-anything": "^2.0.1",
        "errno": "^0.1.1",
        "graceful-fs": "^4.1.2",
        "image-size": "~0.5.0",
        "make-dir": "^2.1.0",
        "mime": "^1.4.1",
        "native-request": "^1.0.5",
        "parse-node-version": "^1.0.1",
        "source-map": "~0.6.0",
        "tslib": "^1.10.0"
      }
    },
    "make-dir": {
      "version": "2.1.0",
      "resolved": "https://registry.npm.taobao.org/make-dir/download/make-dir-2.1.0.tgz",
      "integrity": "sha1-XwMQ4YuL6JjMBwCSlaMK5B6R5vU=",
      "requires": {
        "pify": "^4.0.1",
        "semver": "^5.6.0"
      }
    },
    "mime": {
      "version": "1.6.0",
      "resolved": "https://registry.npm.taobao.org/mime/download/mime-1.6.0.tgz?cache=0&sync_timestamp=1608084023391&other_urls=https%3A%2F%2Fregistry.npm.taobao.org%2Fmime%2Fdownload%2Fmime-1.6.0.tgz",
      "integrity": "sha1-Ms2eXGRVO9WNGaVor0Uqz/BJgbE="
    },
    "native-request": {
      "version": "1.0.8",
      "resolved": "https://registry.npm.taobao.org/native-request/download/native-request-1.0.8.tgz?cache=0&other_urls=https%3A%2F%2Fregistry.npm.taobao.org%2Fnative-request%2Fdownload%2Fnative-request-1.0.8.tgz",
      "integrity": "sha1-j2a/YG4PfqJ8DlmV6y9dA+M65vs="
    },
    "parse-node-version": {
      "version": "1.0.1",
      "resolved": "https://registry.npm.taobao.org/parse-node-version/download/parse-node-version-1.0.1.tgz",
      "integrity": "sha1-4rXb7eAOf6m8NjYH9TMn6LBzGJs="
    },
    "pify": {
      "version": "4.0.1",
      "resolved": "https://registry.npm.taobao.org/pify/download/pify-4.0.1.tgz",
      "integrity": "sha1-SyzSXFDVmHNcUCkiJP2MbfQeMjE="
    },
    "prr": {
      "version": "1.0.1",
      "resolved": "https://registry.npm.taobao.org/prr/download/prr-1.0.1.tgz",
      "integrity": "sha1-0/wRS6BplaRexok/SEzrHXj19HY="
    },
    "semver": {
      "version": "5.7.1",
      "resolved": "https://registry.npm.taobao.org/semver/download/semver-5.7.1.tgz?cache=0&sync_timestamp=1606854810932&other_urls=https%3A%2F%2Fregistry.npm.taobao.org%2Fsemver%2Fdownload%2Fsemver-5.7.1.tgz",
      "integrity": "sha1-qVT5Ma66UI0we78Gnv8MAclhFvc="
    },
    "source-map": {
      "version": "0.6.1",
      "resolved": "https://registry.npm.taobao.org/source-map/download/source-map-0.6.1.tgz",
      "integrity": "sha1-dHIq8y6WFOnCh6jQu95IteLxomM="
    },
    "tslib": {
      "version": "1.10.0",
      "resolved": "https://registry.npm.taobao.org/tslib/download/tslib-1.10.0.tgz?cache=0&sync_timestamp=1602286854330&other_urls=https%3A%2F%2Fregistry.npm.taobao.org%2Ftslib%2Fdownload%2Ftslib-1.10.0.tgz",
      "integrity": "sha1-w8GflZc/sKYpc/sJ2Q2WHuQ+XIo="
    },
    "zrender": {
      "version": "5.0.1",
      "resolved": "https://registry.npm.taobao.org/zrender/download/zrender-5.0.1.tgz?cache=0&sync_timestamp=1605884142817&other_urls=https%3A%2F%2Fregistry.npm.taobao.org%2Fzrender%2Fdownload%2Fzrender-5.0.1.tgz",
      "integrity": "sha1-zDdxNqnQDQoXfKf2XDKu0pAZKNo=",
      "requires": {
        "tslib": "1.10.0"
      }
    }
  }
}
